
Microsoft Visual Studio Solution File, Format Version 12.00
# Visual Studio 14
VisualStudioVersion = 14.0.24720.0
MinimumVisualStudioVersion = 10.0.40219.1
Project("{FAE04EC0-301F-11D3-BF4B-00C04F79EFBC}") = "NG_App", "NG_App\NG_App.csproj", "{381C853D-499B-4CD4-8881-1F4E1EB1C079}"
EndProject
Project("{FAE04EC0-301F-11D3-BF4B-00C04F79EFBC}") = "Api_Service", "Api_Service\Api_Service.csproj", "{3512E6A8-771E-4820-AA59-28DE2EA40695}"
EndProject
Global
	GlobalSection(SolutionConfigurationPlatforms) = preSolution
		Debug|Any CPU = Debug|Any CPU
		Release|Any CPU = Release|Any CPU
	EndGlobalSection
	GlobalSection(ProjectConfigurationPlatforms) = postSolution
		{381C853D-499B-4CD4-8881-1F4E1EB1C079}.Debug|Any CPU.ActiveCfg = Debug|Any CPU
		{381C853D-499B-4CD4-8881-1F4E1EB1C079}.Debug|Any CPU.Build.0 = Debug|Any CPU
		{381C853D-499B-4CD4-8881-1F4E1EB1C079}.Release|Any CPU.ActiveCfg = Release|Any CPU
		{381C853D-499B-4CD4-8881-1F4E1EB1C079}.Release|Any CPU.Build.0 = Release|Any CPU
		{3512E6A8-771E-4820-AA59-28DE2EA40695}.Debug|Any CPU.ActiveCfg = Debug|Any CPU
		{3512E6A8-771E-4820-AA59-28DE2EA40695}.Debug|Any CPU.Build.0 = Debug|Any CPU
		{3512E6A8-771E-4820-AA59-28DE2EA40695}.Release|Any CPU.ActiveCfg = Release|Any CPU
		{3512E6A8-771E-4820-AA59-28DE2EA40695}.Release|Any CPU.Build.0 = Release|Any CPU
	EndGlobalSection
	GlobalSection(SolutionProperties) = preSolution
		HideSolutionNode = FALSE
	EndGlobalSection
EndGlobal
